# This file is autogenerated, do not edit; changes may be undone by the next 'dep ensure'.


[[projects]]
  name = "github.com/Sirupsen/logrus"
  packages = ["."]
  revision = "cdd90c38c6e3718c731b555b9c3ed1becebec3ba"

[[projects]]
  branch = "master"
  name = "github.com/beorn7/perks"
  packages = ["quantile"]
  revision = "4c0e84591b9aa9e6dcfdf3e020114cd81f89d5f9"

[[projects]]
  branch = "master"
  name = "github.com/boltdb/bolt"
  packages = ["."]
  revision = "e9cf4fae01b5a8ff89d0ec6b32f0d9c9f79aefdd"

[[projects]]
  branch = "master"
  name = "github.com/cockroachdb/cmux"
  packages = ["."]
  revision = "30d10be492927e2dcae0089c374c455d42414fcb"

[[projects]]
  branch = "release-3.1"
  name = "github.com/coreos/etcd"
  packages = ["alarm","auth","auth/authpb","client","clientv3","compactor","discovery","embed","error","etcdserver","etcdserver/api","etcdserver/api/v2http","etcdserver/api/v2http/httptypes","etcdserver/api/v3rpc","etcdserver/api/v3rpc/rpctypes","etcdserver/auth","etcdserver/etcdserverpb","etcdserver/membership","etcdserver/stats","lease","lease/leasehttp","lease/leasepb","mvcc","mvcc/backend","mvcc/mvccpb","pkg/adt","pkg/contention","pkg/cors","pkg/cpuutil","pkg/crc","pkg/fileutil","pkg/httputil","pkg/idutil","pkg/ioutil","pkg/logutil","pkg/monotime","pkg/netutil","pkg/pathutil","pkg/pbutil","pkg/runtime","pkg/schedule","pkg/tlsutil","pkg/transport","pkg/types","pkg/wait","raft","raft/raftpb","rafthttp","snap","snap/snappb","store","version","wal","wal/walpb"]
  revision = "d267ca9c184e953554257d0acdd1dc9c47d38229"

[[projects]]
  name = "github.com/coreos/go-semver"
  packages = ["semver"]
  revision = "8ab6407b697782a06568d4b7f1db25550ec2e4c6"
  version = "v0.2.0"

[[projects]]
  name = "github.com/coreos/go-systemd"
  packages = ["journal"]
  revision = "48702e0da86bd25e76cfef347e2adeb434a0d0a6"
  version = "v14"

[[projects]]
  name = "github.com/coreos/pkg"
  packages = ["capnslog"]
  revision = "3ac0863d7acf3bc44daf49afef8919af12f704ef"
  version = "v3"

[[projects]]
  name = "github.com/ghodss/yaml"
  packages = ["."]
  revision = "0ca9ea5df5451ffdf184b4428c902747c2c11cd7"
  version = "v1.0.0"

[[projects]]
  branch = "master"
  name = "github.com/gogo/protobuf"
  packages = ["proto"]
  revision = "2752d97bbd91927dd1c43296dbf8700e50e2708c"

[[projects]]
  name = "github.com/golang/protobuf"
  packages = ["jsonpb","proto"]
  revision = "3852dcfda249c2097355a6aabb199a28d97b30df"

[[projects]]
  branch = "master"
  name = "github.com/google/btree"
  packages = ["."]
  revision = "7d79101e329e5a3adf994758c578dab82b90c017"

[[projects]]
  name = "github.com/grpc-ecosystem/go-grpc-prometheus"
  packages = ["."]
  revision = "6b7015e65d366bf3f19b2b2a000a831940f0f7e0"
  version = "v1.1"

[[projects]]
  name = "github.com/grpc-ecosystem/grpc-gateway"
  packages = ["runtime","runtime/internal","utilities"]
  revision = "589b126116b5fc961939b3e156c29e4d9d58222f"
  version = "v1.2.2"

[[projects]]
  name = "github.com/jonboulle/clockwork"
  packages = ["."]
  revision = "2eee05ed794112d45db504eb05aa693efd2b8b09"
  version = "v0.1.0"

[[projects]]
  name = "github.com/matttproud/golang_protobuf_extensions"
  packages = ["pbutil"]
  revision = "3247c84500bff8d9fb6d579d800f20b3e091582c"
  version = "v1.0.0"

[[projects]]
  branch = "master"
  name = "github.com/petar/GoLLRB"
  packages = ["llrb"]
  revision = "53be0d36a84c2a886ca057d34b6aa4468df9ccb4"

[[projects]]
  name = "github.com/prometheus/client_golang"
  packages = ["prometheus"]
  revision = "c5b7fccd204277076155f10851dad72b76a49317"
  version = "v0.8.0"

[[projects]]
  branch = "master"
  name = "github.com/prometheus/client_model"
  packages = ["go"]
  revision = "6f3806018612930941127f2a7c6c453ba2c527d2"

[[projects]]
  branch = "master"
  name = "github.com/prometheus/common"
  packages = ["expfmt","internal/bitbucket.org/ww/goautoneg","model"]
  revision = "13ba4ddd0caa9c28ca7b7bffe1dfa9ed8d5ef207"

[[projects]]
  branch = "master"
  name = "github.com/prometheus/procfs"
  packages = [".","xfs"]
  revision = "65c1f6f8f0fc1e2185eb9863a3bc751496404259"

[[projects]]
  name = "github.com/ugorji/go"
  packages = ["codec"]
  revision = "45ce7596ace4534e47b69051a92aef7b64ec7b3f"

[[projects]]
  branch = "master"
  name = "github.com/xiang90/probing"
  packages = ["."]
  revision = "07dd2e8dfe18522e9c447ba95f2fe95262f63bb2"

[[projects]]
  name = "golang.org/x/crypto"
  packages = ["bcrypt","blowfish"]
  revision = "1f22c0103821b9390939b6776727195525381532"

[[projects]]
  name = "golang.org/x/net"
  packages = ["context","http2","http2/hpack","internal/timeseries","lex/httplex","trace"]
  revision = "b400c2eff1badec7022a8c8f5bea058b6315eed7"

[[projects]]
  branch = "master"
  name = "golang.org/x/sys"
  packages = ["unix"]
  revision = "493114f68206f85e7e333beccfabc11e98cba8dd"

[[projects]]
  name = "google.golang.org/grpc"
  packages = [".","codes","credentials","grpclog","internal","metadata","naming","peer","transport"]
  revision = "7834b974e55fbf85a5b01afb5821391c71084efd"

[[projects]]
  branch = "v2"
  name = "gopkg.in/yaml.v2"
  packages = ["."]
  revision = "cd8b52f8269e0feb286dfeef29f8fe4d5b397e0b"

[solve-meta]
  analyzer-name = "dep"
  analyzer-version = 1
  inputs-digest = "91ca9c4fe72214cf9e7957e13e264b58c4bc9acd8edff1b4d0c42e343b1bdbc4"
  solver-name = "gps-cdcl"
  solver-version = 1
